
Microsoft Visual Studio Solution File, Format Version 12.00
# Visual Studio Version 17
VisualStudioVersion = 17.13.35825.156 d17.13
MinimumVisualStudioVersion = 10.0.40219.1
Project("{FAE04EC0-301F-11D3-BF4B-00C04F79EFBC}") = "MvcAppDemo", "MvcAppDemo.csproj", "{7C5A8F51-9281-48C5-A17B-E21793457FA2}"
EndProject
Global
	GlobalSection(SolutionConfigurationPlatforms) = preSolution
		Debug|Any CPU = Debug|Any CPU
		Release|Any CPU = Release|Any CPU
	EndGlobalSection
	GlobalSection(ProjectConfigurationPlatforms) = postSolution
		{7C5A8F51-9281-48C5-A17B-E21793457FA2}.Debug|Any CPU.ActiveCfg = Debug|Any CPU
		{7C5A8F51-9281-48C5-A17B-E21793457FA2}.Debug|Any CPU.Build.0 = Debug|Any CPU
		{7C5A8F51-9281-48C5-A17B-E21793457FA2}.Release|Any CPU.ActiveCfg = Release|Any CPU
		{7C5A8F51-9281-48C5-A17B-E21793457FA2}.Release|Any CPU.Build.0 = Release|Any CPU
	EndGlobalSection
	GlobalSection(SolutionProperties) = preSolution
		HideSolutionNode = FALSE
	EndGlobalSection
	GlobalSection(ExtensibilityGlobals) = postSolution
		SolutionGuid = {AA18C276-4515-4348-8FBB-E11A489BB3D6}
	EndGlobalSection
EndGlobal
